
Microsoft Visual Studio Solution File, Format Version 12.00
# Visual Studio Version 17
VisualStudioVersion = 17.2.32602.215
MinimumVisualStudioVersion = 10.0.40219.1
Project("{FAE04EC0-301F-11D3-BF4B-00C04F79EFBC}") = "RestWithASPNETUdemy", "RestWithASPNETUdemy\RestWithASPNETUdemy.csproj", "{30AF2395-FB30-44EF-B67D-92A99B99ADE6}"
EndProject
Global
	GlobalSection(SolutionConfigurationPlatforms) = preSolution
		Debug|Any CPU = Debug|Any CPU
		Release|Any CPU = Release|Any CPU
	EndGlobalSection
	GlobalSection(ProjectConfigurationPlatforms) = postSolution
		{30AF2395-FB30-44EF-B67D-92A99B99ADE6}.Debug|Any CPU.ActiveCfg = Debug|Any CPU
		{30AF2395-FB30-44EF-B67D-92A99B99ADE6}.Debug|Any CPU.Build.0 = Debug|Any CPU
		{30AF2395-FB30-44EF-B67D-92A99B99ADE6}.Release|Any CPU.ActiveCfg = Release|Any CPU
		{30AF2395-FB30-44EF-B67D-92A99B99ADE6}.Release|Any CPU.Build.0 = Release|Any CPU
	EndGlobalSection
	GlobalSection(SolutionProperties) = preSolution
		HideSolutionNode = FALSE
	EndGlobalSection
	GlobalSection(ExtensibilityGlobals) = postSolution
		SolutionGuid = {BDD32884-E72C-4C4E-9F43-90EBC37657DF}
	EndGlobalSection
EndGlobal
