
Microsoft Visual Studio Solution File, Format Version 12.00
# Visual Studio Version 17
VisualStudioVersion = 17.2.32602.215
MinimumVisualStudioVersion = 10.0.40219.1
Project("{2150E333-8FDC-42A3-9474-1A3956D46DE8}") = "FrontEnd", "FrontEnd", "{014B9019-6487-4205-9D90-D15D85FBFF94}"
EndProject
Project("{2150E333-8FDC-42A3-9474-1A3956D46DE8}") = "Services", "Services", "{A1052147-DDB8-409B-A139-FB6F3A031E2C}"
EndProject
Project("{FAE04EC0-301F-11D3-BF4B-00C04F79EFBC}") = "GeekShooping.Web", "GeekShooping.Web\GeekShooping.Web.csproj", "{4B0A0386-5C24-4C41-9EFA-174836516289}"
EndProject
Project("{FAE04EC0-301F-11D3-BF4B-00C04F79EFBC}") = "GeekShopping.ProductAPI", "GeekShopping.ProductAPI\GeekShopping.ProductAPI.csproj", "{1E73FE49-8D64-4C9E-993A-336A54721182}"
EndProject
Global
	GlobalSection(SolutionConfigurationPlatforms) = preSolution
		Debug|Any CPU = Debug|Any CPU
		Release|Any CPU = Release|Any CPU
	EndGlobalSection
	GlobalSection(ProjectConfigurationPlatforms) = postSolution
		{4B0A0386-5C24-4C41-9EFA-174836516289}.Debug|Any CPU.ActiveCfg = Debug|Any CPU
		{4B0A0386-5C24-4C41-9EFA-174836516289}.Debug|Any CPU.Build.0 = Debug|Any CPU
		{4B0A0386-5C24-4C41-9EFA-174836516289}.Release|Any CPU.ActiveCfg = Release|Any CPU
		{4B0A0386-5C24-4C41-9EFA-174836516289}.Release|Any CPU.Build.0 = Release|Any CPU
		{1E73FE49-8D64-4C9E-993A-336A54721182}.Debug|Any CPU.ActiveCfg = Debug|Any CPU
		{1E73FE49-8D64-4C9E-993A-336A54721182}.Debug|Any CPU.Build.0 = Debug|Any CPU
		{1E73FE49-8D64-4C9E-993A-336A54721182}.Release|Any CPU.ActiveCfg = Release|Any CPU
		{1E73FE49-8D64-4C9E-993A-336A54721182}.Release|Any CPU.Build.0 = Release|Any CPU
	EndGlobalSection
	GlobalSection(SolutionProperties) = preSolution
		HideSolutionNode = FALSE
	EndGlobalSection
	GlobalSection(NestedProjects) = preSolution
		{4B0A0386-5C24-4C41-9EFA-174836516289} = {014B9019-6487-4205-9D90-D15D85FBFF94}
		{1E73FE49-8D64-4C9E-993A-336A54721182} = {A1052147-DDB8-409B-A139-FB6F3A031E2C}
	EndGlobalSection
	GlobalSection(ExtensibilityGlobals) = postSolution
		SolutionGuid = {A215E469-8EF0-41FD-B44A-FFE7EDA1FF9B}
	EndGlobalSection
EndGlobal
